
Microsoft Visual Studio Solution File, Format Version 12.00
# Visual Studio 15
VisualStudioVersion = 15.0.27004.2002
MinimumVisualStudioVersion = 10.0.40219.1
Project("{FAE04EC0-301F-11D3-BF4B-00C04F79EFBC}") = "SportsStore.Domain", "SportsStore.Domain\SportsStore.Domain.csproj", "{EDD10392-02EA-4FC8-9842-7A60A3458D17}"
EndProject
Project("{FAE04EC0-301F-11D3-BF4B-00C04F79EFBC}") = "SportsStore.WebUI", "SportsStore.WebUI\SportsStore.WebUI.csproj", "{A56D57DC-3CE3-4318-B928-363564B6C37E}"
EndProject
Project("{FAE04EC0-301F-11D3-BF4B-00C04F79EFBC}") = "SportsStore.UnitTests", "SportsStore.UnitTests\SportsStore.UnitTests.csproj", "{50BE7FB0-E8B5-4525-B160-65DE4A1B8456}"
EndProject
Global
	GlobalSection(SolutionConfigurationPlatforms) = preSolution
		Debug|Any CPU = Debug|Any CPU
		Release|Any CPU = Release|Any CPU
	EndGlobalSection
	GlobalSection(ProjectConfigurationPlatforms) = postSolution
		{EDD10392-02EA-4FC8-9842-7A60A3458D17}.Debug|Any CPU.ActiveCfg = Debug|Any CPU
		{EDD10392-02EA-4FC8-9842-7A60A3458D17}.Debug|Any CPU.Build.0 = Debug|Any CPU
		{EDD10392-02EA-4FC8-9842-7A60A3458D17}.Release|Any CPU.ActiveCfg = Release|Any CPU
		{EDD10392-02EA-4FC8-9842-7A60A3458D17}.Release|Any CPU.Build.0 = Release|Any CPU
		{A56D57DC-3CE3-4318-B928-363564B6C37E}.Debug|Any CPU.ActiveCfg = Debug|Any CPU
		{A56D57DC-3CE3-4318-B928-363564B6C37E}.Debug|Any CPU.Build.0 = Debug|Any CPU
		{A56D57DC-3CE3-4318-B928-363564B6C37E}.Release|Any CPU.ActiveCfg = Release|Any CPU
		{A56D57DC-3CE3-4318-B928-363564B6C37E}.Release|Any CPU.Build.0 = Release|Any CPU
		{50BE7FB0-E8B5-4525-B160-65DE4A1B8456}.Debug|Any CPU.ActiveCfg = Debug|Any CPU
		{50BE7FB0-E8B5-4525-B160-65DE4A1B8456}.Debug|Any CPU.Build.0 = Debug|Any CPU
		{50BE7FB0-E8B5-4525-B160-65DE4A1B8456}.Release|Any CPU.ActiveCfg = Release|Any CPU
		{50BE7FB0-E8B5-4525-B160-65DE4A1B8456}.Release|Any CPU.Build.0 = Release|Any CPU
	EndGlobalSection
	GlobalSection(SolutionProperties) = preSolution
		HideSolutionNode = FALSE
	EndGlobalSection
	GlobalSection(ExtensibilityGlobals) = postSolution
		SolutionGuid = {16E55719-A6DB-44B0-B8F5-F7D115408E1F}
	EndGlobalSection
EndGlobal
